
Microsoft Visual Studio Solution File, Format Version 12.00
# Visual Studio Version 17
VisualStudioVersion = 17.9.34714.143
MinimumVisualStudioVersion = 10.0.40219.1
Project("{FAE04EC0-301F-11D3-BF4B-00C04F79EFBC}") = "Mission11_Purnell", "Mission11_Purnell.csproj", "{FAFE92CE-1993-40D3-8889-A84A2001249F}"
EndProject
Global
	GlobalSection(SolutionConfigurationPlatforms) = preSolution
		Debug|Any CPU = Debug|Any CPU
		Release|Any CPU = Release|Any CPU
	EndGlobalSection
	GlobalSection(ProjectConfigurationPlatforms) = postSolution
		{FAFE92CE-1993-40D3-8889-A84A2001249F}.Debug|Any CPU.ActiveCfg = Debug|Any CPU
		{FAFE92CE-1993-40D3-8889-A84A2001249F}.Debug|Any CPU.Build.0 = Debug|Any CPU
		{FAFE92CE-1993-40D3-8889-A84A2001249F}.Release|Any CPU.ActiveCfg = Release|Any CPU
		{FAFE92CE-1993-40D3-8889-A84A2001249F}.Release|Any CPU.Build.0 = Release|Any CPU
	EndGlobalSection
	GlobalSection(SolutionProperties) = preSolution
		HideSolutionNode = FALSE
	EndGlobalSection
	GlobalSection(ExtensibilityGlobals) = postSolution
		SolutionGuid = {975FE929-5B3C-4067-84CC-5A99DABDC85A}
	EndGlobalSection
EndGlobal
